
Microsoft Visual Studio Solution File, Format Version 12.00
# Visual Studio Version 17
VisualStudioVersion = 17.6.33829.357
MinimumVisualStudioVersion = 10.0.40219.1
Project("{FAE04EC0-301F-11D3-BF4B-00C04F79EFBC}") = "Optix Technical Test", "Optix Technical Test\Optix Technical Test.csproj", "{B726F4EA-C7C8-4885-A599-E675A388148C}"
EndProject
Global
	GlobalSection(SolutionConfigurationPlatforms) = preSolution
		Debug|Any CPU = Debug|Any CPU
		Release|Any CPU = Release|Any CPU
	EndGlobalSection
	GlobalSection(ProjectConfigurationPlatforms) = postSolution
		{B726F4EA-C7C8-4885-A599-E675A388148C}.Debug|Any CPU.ActiveCfg = Debug|Any CPU
		{B726F4EA-C7C8-4885-A599-E675A388148C}.Debug|Any CPU.Build.0 = Debug|Any CPU
		{B726F4EA-C7C8-4885-A599-E675A388148C}.Release|Any CPU.ActiveCfg = Release|Any CPU
		{B726F4EA-C7C8-4885-A599-E675A388148C}.Release|Any CPU.Build.0 = Release|Any CPU
	EndGlobalSection
	GlobalSection(SolutionProperties) = preSolution
		HideSolutionNode = FALSE
	EndGlobalSection
	GlobalSection(ExtensibilityGlobals) = postSolution
		SolutionGuid = {91643E19-4799-4BBF-84E2-3BF9836E8078}
	EndGlobalSection
EndGlobal
